
Microsoft Visual Studio Solution File, Format Version 12.00
# Visual Studio 14
VisualStudioVersion = 14.0.25420.1
MinimumVisualStudioVersion = 10.0.40219.1
Project("{FAE04EC0-301F-11D3-BF4B-00C04F79EFBC}") = "Alarm", "Alarm\Alarm\Alarm.csproj", "{4C4E7215-A658-4779-9885-0C7C6AA8A272}"
EndProject
Project("{FAE04EC0-301F-11D3-BF4B-00C04F79EFBC}") = "Alarm.Droid", "Alarm\Alarm.Droid\Alarm.Droid.csproj", "{FA084229-389F-4E61-BA98-85FF8A04079B}"
EndProject
Project("{FAE04EC0-301F-11D3-BF4B-00C04F79EFBC}") = "Alarm.iOS", "Alarm\Alarm.iOS\Alarm.iOS.csproj", "{05096E4E-388D-4ED2-B677-9C6B4F19B4C8}"
EndProject
Project("{FAE04EC0-301F-11D3-BF4B-00C04F79EFBC}") = "Alarm.WinPhone", "Alarm\Alarm.WinPhone\Alarm.WinPhone.csproj", "{2FB5DF8D-8965-46EC-AA70-63B7C561C1C4}"
EndProject
Project("{FAE04EC0-301F-11D3-BF4B-00C04F79EFBC}") = "Alarm.Windows", "Alarm\Alarm.Windows\Alarm.Windows.csproj", "{950D1585-411B-433A-847E-6B5F4452D839}"
EndProject
Global
	GlobalSection(SolutionConfigurationPlatforms) = preSolution
		Ad-Hoc|Any CPU = Ad-Hoc|Any CPU
		Ad-Hoc|ARM = Ad-Hoc|ARM
		Ad-Hoc|iPhone = Ad-Hoc|iPhone
		Ad-Hoc|iPhoneSimulator = Ad-Hoc|iPhoneSimulator
		Ad-Hoc|x64 = Ad-Hoc|x64
		Ad-Hoc|x86 = Ad-Hoc|x86
		AppStore|Any CPU = AppStore|Any CPU
		AppStore|ARM = AppStore|ARM
		AppStore|iPhone = AppStore|iPhone
		AppStore|iPhoneSimulator = AppStore|iPhoneSimulator
		AppStore|x64 = AppStore|x64
		AppStore|x86 = AppStore|x86
		Debug|Any CPU = Debug|Any CPU
		Debug|ARM = Debug|ARM
		Debug|iPhone = Debug|iPhone
		Debug|iPhoneSimulator = Debug|iPhoneSimulator
		Debug|x64 = Debug|x64
		Debug|x86 = Debug|x86
		Release|Any CPU = Release|Any CPU
		Release|ARM = Release|ARM
		Release|iPhone = Release|iPhone
		Release|iPhoneSimulator = Release|iPhoneSimulator
		Release|x64 = Release|x64
		Release|x86 = Release|x86
	EndGlobalSection
	GlobalSection(ProjectConfigurationPlatforms) = postSolution
		{4C4E7215-A658-4779-9885-0C7C6AA8A272}.Ad-Hoc|Any CPU.ActiveCfg = Release|Any CPU
		{4C4E7215-A658-4779-9885-0C7C6AA8A272}.Ad-Hoc|Any CPU.Build.0 = Release|Any CPU
		{4C4E7215-A658-4779-9885-0C7C6AA8A272}.Ad-Hoc|ARM.ActiveCfg = Release|Any CPU
		{4C4E7215-A658-4779-9885-0C7C6AA8A272}.Ad-Hoc|ARM.Build.0 = Release|Any CPU
		{4C4E7215-A658-4779-9885-0C7C6AA8A272}.Ad-Hoc|iPhone.ActiveCfg = Release|Any CPU
		{4C4E7215-A658-4779-9885-0C7C6AA8A272}.Ad-Hoc|iPhone.Build.0 = Release|Any CPU
		{4C4E7215-A658-4779-9885-0C7C6AA8A272}.Ad-Hoc|iPhoneSimulator.ActiveCfg = Release|Any CPU
		{4C4E7215-A658-4779-9885-0C7C6AA8A272}.Ad-Hoc|iPhoneSimulator.Build.0 = Release|Any CPU
		{4C4E7215-A658-4779-9885-0C7C6AA8A272}.Ad-Hoc|x64.ActiveCfg = Release|Any CPU
		{4C4E7215-A658-4779-9885-0C7C6AA8A272}.Ad-Hoc|x64.Build.0 = Release|Any CPU
		{4C4E7215-A658-4779-9885-0C7C6AA8A272}.Ad-Hoc|x86.ActiveCfg = Release|Any CPU
		{4C4E7215-A658-4779-9885-0C7C6AA8A272}.Ad-Hoc|x86.Build.0 = Release|Any CPU
		{4C4E7215-A658-4779-9885-0C7C6AA8A272}.AppStore|Any CPU.ActiveCfg = Release|Any CPU
		{4C4E7215-A658-4779-9885-0C7C6AA8A272}.AppStore|Any CPU.Build.0 = Release|Any CPU
		{4C4E7215-A658-4779-9885-0C7C6AA8A272}.AppStore|ARM.ActiveCfg = Release|Any CPU
		{4C4E7215-A658-4779-9885-0C7C6AA8A272}.AppStore|ARM.Build.0 = Release|Any CPU
		{4C4E7215-A658-4779-9885-0C7C6AA8A272}.AppStore|iPhone.ActiveCfg = Release|Any CPU
		{4C4E7215-A658-4779-9885-0C7C6AA8A272}.AppStore|iPhone.Build.0 = Release|Any CPU
		{4C4E7215-A658-4779-9885-0C7C6AA8A272}.AppStore|iPhoneSimulator.ActiveCfg = Release|Any CPU
		{4C4E7215-A658-4779-9885-0C7C6AA8A272}.AppStore|iPhoneSimulator.Build.0 = Release|Any CPU
		{4C4E7215-A658-4779-9885-0C7C6AA8A272}.AppStore|x64.ActiveCfg = Release|Any CPU
		{4C4E7215-A658-4779-9885-0C7C6AA8A272}.AppStore|x64.Build.0 = Release|Any CPU
		{4C4E7215-A658-4779-9885-0C7C6AA8A272}.AppStore|x86.ActiveCfg = Release|Any CPU
		{4C4E7215-A658-4779-9885-0C7C6AA8A272}.AppStore|x86.Build.0 = Release|Any CPU
		{4C4E7215-A658-4779-9885-0C7C6AA8A272}.Debug|Any CPU.ActiveCfg = Debug|Any CPU
		{4C4E7215-A658-4779-9885-0C7C6AA8A272}.Debug|Any CPU.Build.0 = Debug|Any CPU
		{4C4E7215-A658-4779-9885-0C7C6AA8A272}.Debug|ARM.ActiveCfg = Debug|Any CPU
		{4C4E7215-A658-4779-9885-0C7C6AA8A272}.Debug|ARM.Build.0 = Debug|Any CPU
		{4C4E7215-A658-4779-9885-0C7C6AA8A272}.Debug|iPhone.ActiveCfg = Debug|Any CPU
		{4C4E7215-A658-4779-9885-0C7C6AA8A272}.Debug|iPhone.Build.0 = Debug|Any CPU
		{4C4E7215-A658-4779-9885-0C7C6AA8A272}.Debug|iPhoneSimulator.ActiveCfg = Debug|Any CPU
		{4C4E7215-A658-4779-9885-0C7C6AA8A272}.Debug|iPhoneSimulator.Build.0 = Debug|Any CPU
		{4C4E7215-A658-4779-9885-0C7C6AA8A272}.Debug|x64.ActiveCfg = Debug|Any CPU
		{4C4E7215-A658-4779-9885-0C7C6AA8A272}.Debug|x64.Build.0 = Debug|Any CPU
		{4C4E7215-A658-4779-9885-0C7C6AA8A272}.Debug|x86.ActiveCfg = Debug|Any CPU
		{4C4E7215-A658-4779-9885-0C7C6AA8A272}.Debug|x86.Build.0 = Debug|Any CPU
		{4C4E7215-A658-4779-9885-0C7C6AA8A272}.Release|Any CPU.ActiveCfg = Release|Any CPU
		{4C4E7215-A658-4779-9885-0C7C6AA8A272}.Release|Any CPU.Build.0 = Release|Any CPU
		{4C4E7215-A658-4779-9885-0C7C6AA8A272}.Release|ARM.ActiveCfg = Release|Any CPU
		{4C4E7215-A658-4779-9885-0C7C6AA8A272}.Release|ARM.Build.0 = Release|Any CPU
		{4C4E7215-A658-4779-9885-0C7C6AA8A272}.Release|iPhone.ActiveCfg = Release|Any CPU
		{4C4E7215-A658-4779-9885-0C7C6AA8A272}.Release|iPhone.Build.0 = Release|Any CPU
		{4C4E7215-A658-4779-9885-0C7C6AA8A272}.Release|iPhoneSimulator.ActiveCfg = Release|Any CPU
		{4C4E7215-A658-4779-9885-0C7C6AA8A272}.Release|iPhoneSimulator.Build.0 = Release|Any CPU
		{4C4E7215-A658-4779-9885-0C7C6AA8A272}.Release|x64.ActiveCfg = Release|Any CPU
		{4C4E7215-A658-4779-9885-0C7C6AA8A272}.Release|x64.Build.0 = Release|Any CPU
		{4C4E7215-A658-4779-9885-0C7C6AA8A272}.Release|x86.ActiveCfg = Release|Any CPU
		{4C4E7215-A658-4779-9885-0C7C6AA8A272}.Release|x86.Build.0 = Release|Any CPU
		{FA084229-389F-4E61-BA98-85FF8A04079B}.Ad-Hoc|Any CPU.ActiveCfg = Release|Any CPU
		{FA084229-389F-4E61-BA98-85FF8A04079B}.Ad-Hoc|Any CPU.Build.0 = Release|Any CPU
		{FA084229-389F-4E61-BA98-85FF8A04079B}.Ad-Hoc|Any CPU.Deploy.0 = Release|Any CPU
		{FA084229-389F-4E61-BA98-85FF8A04079B}.Ad-Hoc|ARM.ActiveCfg = Release|Any CPU
		{FA084229-389F-4E61-BA98-85FF8A04079B}.Ad-Hoc|ARM.Build.0 = Release|Any CPU
		{FA084229-389F-4E61-BA98-85FF8A04079B}.Ad-Hoc|ARM.Deploy.0 = Release|Any CPU
		{FA084229-389F-4E61-BA98-85FF8A04079B}.Ad-Hoc|iPhone.ActiveCfg = Release|Any CPU
		{FA084229-389F-4E61-BA98-85FF8A04079B}.Ad-Hoc|iPhone.Build.0 = Release|Any CPU
		{FA084229-389F-4E61-BA98-85FF8A04079B}.Ad-Hoc|iPhone.Deploy.0 = Release|Any CPU
		{FA084229-389F-4E61-BA98-85FF8A04079B}.Ad-Hoc|iPhoneSimulator.ActiveCfg = Release|Any CPU
		{FA084229-389F-4E61-BA98-85FF8A04079B}.Ad-Hoc|iPhoneSimulator.Build.0 = Release|Any CPU
		{FA084229-389F-4E61-BA98-85FF8A04079B}.Ad-Hoc|iPhoneSimulator.Deploy.0 = Release|Any CPU
		{FA084229-389F-4E61-BA98-85FF8A04079B}.Ad-Hoc|x64.ActiveCfg = Release|Any CPU
		{FA084229-389F-4E61-BA98-85FF8A04079B}.Ad-Hoc|x64.Build.0 = Release|Any CPU
		{FA084229-389F-4E61-BA98-85FF8A04079B}.Ad-Hoc|x64.Deploy.0 = Release|Any CPU
		{FA084229-389F-4E61-BA98-85FF8A04079B}.Ad-Hoc|x86.ActiveCfg = Release|Any CPU
		{FA084229-389F-4E61-BA98-85FF8A04079B}.Ad-Hoc|x86.Build.0 = Release|Any CPU
		{FA084229-389F-4E61-BA98-85FF8A04079B}.Ad-Hoc|x86.Deploy.0 = Release|Any CPU
		{FA084229-389F-4E61-BA98-85FF8A04079B}.AppStore|Any CPU.ActiveCfg = Release|Any CPU
		{FA084229-389F-4E61-BA98-85FF8A04079B}.AppStore|Any CPU.Build.0 = Release|Any CPU
		{FA084229-389F-4E61-BA98-85FF8A04079B}.AppStore|Any CPU.Deploy.0 = Release|Any CPU
		{FA084229-389F-4E61-BA98-85FF8A04079B}.AppStore|ARM.ActiveCfg = Release|Any CPU
		{FA084229-389F-4E61-BA98-85FF8A04079B}.AppStore|ARM.Build.0 = Release|Any CPU
		{FA084229-389F-4E61-BA98-85FF8A04079B}.AppStore|ARM.Deploy.0 = Release|Any CPU
		{FA084229-389F-4E61-BA98-85FF8A04079B}.AppStore|iPhone.ActiveCfg = Release|Any CPU
		{FA084229-389F-4E61-BA98-85FF8A04079B}.AppStore|iPhone.Build.0 = Release|Any CPU
		{FA084229-389F-4E61-BA98-85FF8A04079B}.AppStore|iPhone.Deploy.0 = Release|Any CPU
		{FA084229-389F-4E61-BA98-85FF8A04079B}.AppStore|iPhoneSimulator.ActiveCfg = Release|Any CPU
		{FA084229-389F-4E61-BA98-85FF8A04079B}.AppStore|iPhoneSimulator.Build.0 = Release|Any CPU
		{FA084229-389F-4E61-BA98-85FF8A04079B}.AppStore|iPhoneSimulator.Deploy.0 = Release|Any CPU
		{FA084229-389F-4E61-BA98-85FF8A04079B}.AppStore|x64.ActiveCfg = Release|Any CPU
		{FA084229-389F-4E61-BA98-85FF8A04079B}.AppStore|x64.Build.0 = Release|Any CPU
		{FA084229-389F-4E61-BA98-85FF8A04079B}.AppStore|x64.Deploy.0 = Release|Any CPU
		{FA084229-389F-4E61-BA98-85FF8A04079B}.AppStore|x86.ActiveCfg = Release|Any CPU
		{FA084229-389F-4E61-BA98-85FF8A04079B}.AppStore|x86.Build.0 = Release|Any CPU
		{FA084229-389F-4E61-BA98-85FF8A04079B}.AppStore|x86.Deploy.0 = Release|Any CPU
		{FA084229-389F-4E61-BA98-85FF8A04079B}.Debug|Any CPU.ActiveCfg = Debug|Any CPU
		{FA084229-389F-4E61-BA98-85FF8A04079B}.Debug|Any CPU.Build.0 = Debug|Any CPU
		{FA084229-389F-4E61-BA98-85FF8A04079B}.Debug|Any CPU.Deploy.0 = Debug|Any CPU
		{FA084229-389F-4E61-BA98-85FF8A04079B}.Debug|ARM.ActiveCfg = Debug|Any CPU
		{FA084229-389F-4E61-BA98-85FF8A04079B}.Debug|ARM.Build.0 = Debug|Any CPU
		{FA084229-389F-4E61-BA98-85FF8A04079B}.Debug|ARM.Deploy.0 = Debug|Any CPU
		{FA084229-389F-4E61-BA98-85FF8A04079B}.Debug|iPhone.ActiveCfg = Debug|Any CPU
		{FA084229-389F-4E61-BA98-85FF8A04079B}.Debug|iPhone.Build.0 = Debug|Any CPU
		{FA084229-389F-4E61-BA98-85FF8A04079B}.Debug|iPhone.Deploy.0 = Debug|Any CPU
		{FA084229-389F-4E61-BA98-85FF8A04079B}.Debug|iPhoneSimulator.ActiveCfg = Debug|Any CPU
		{FA084229-389F-4E61-BA98-85FF8A04079B}.Debug|iPhoneSimulator.Build.0 = Debug|Any CPU
		{FA084229-389F-4E61-BA98-85FF8A04079B}.Debug|iPhoneSimulator.Deploy.0 = Debug|Any CPU
		{FA084229-389F-4E61-BA98-85FF8A04079B}.Debug|x64.ActiveCfg = Debug|Any CPU
		{FA084229-389F-4E61-BA98-85FF8A04079B}.Debug|x64.Build.0 = Debug|Any CPU
		{FA084229-389F-4E61-BA98-85FF8A04079B}.Debug|x64.Deploy.0 = Debug|Any CPU
		{FA084229-389F-4E61-BA98-85FF8A04079B}.Debug|x86.ActiveCfg = Debug|Any CPU
		{FA084229-389F-4E61-BA98-85FF8A04079B}.Debug|x86.Build.0 = Debug|Any CPU
		{FA084229-389F-4E61-BA98-85FF8A04079B}.Debug|x86.Deploy.0 = Debug|Any CPU
		{FA084229-389F-4E61-BA98-85FF8A04079B}.Release|Any CPU.ActiveCfg = Release|Any CPU
		{FA084229-389F-4E61-BA98-85FF8A04079B}.Release|Any CPU.Build.0 = Release|Any CPU
		{FA084229-389F-4E61-BA98-85FF8A04079B}.Release|Any CPU.Deploy.0 = Release|Any CPU
		{FA084229-389F-4E61-BA98-85FF8A04079B}.Release|ARM.ActiveCfg = Release|Any CPU
		{FA084229-389F-4E61-BA98-85FF8A04079B}.Release|ARM.Build.0 = Release|Any CPU
		{FA084229-389F-4E61-BA98-85FF8A04079B}.Release|ARM.Deploy.0 = Release|Any CPU
		{FA084229-389F-4E61-BA98-85FF8A04079B}.Release|iPhone.ActiveCfg = Release|Any CPU
		{FA084229-389F-4E61-BA98-85FF8A04079B}.Release|iPhone.Build.0 = Release|Any CPU
		{FA084229-389F-4E61-BA98-85FF8A04079B}.Release|iPhone.Deploy.0 = Release|Any CPU
		{FA084229-389F-4E61-BA98-85FF8A04079B}.Release|iPhoneSimulator.ActiveCfg = Release|Any CPU
		{FA084229-389F-4E61-BA98-85FF8A04079B}.Release|iPhoneSimulator.Build.0 = Release|Any CPU
		{FA084229-389F-4E61-BA98-85FF8A04079B}.Release|iPhoneSimulator.Deploy.0 = Release|Any CPU
		{FA084229-389F-4E61-BA98-85FF8A04079B}.Release|x64.ActiveCfg = Release|Any CPU
		{FA084229-389F-4E61-BA98-85FF8A04079B}.Release|x64.Build.0 = Release|Any CPU
		{FA084229-389F-4E61-BA98-85FF8A04079B}.Release|x64.Deploy.0 = Release|Any CPU
		{FA084229-389F-4E61-BA98-85FF8A04079B}.Release|x86.ActiveCfg = Release|Any CPU
		{FA084229-389F-4E61-BA98-85FF8A04079B}.Release|x86.Build.0 = Release|Any CPU
		{FA084229-389F-4E61-BA98-85FF8A04079B}.Release|x86.Deploy.0 = Release|Any CPU
		{05096E4E-388D-4ED2-B677-9C6B4F19B4C8}.Ad-Hoc|Any CPU.ActiveCfg = Ad-Hoc|iPhone
		{05096E4E-388D-4ED2-B677-9C6B4F19B4C8}.Ad-Hoc|ARM.ActiveCfg = Ad-Hoc|iPhone
		{05096E4E-388D-4ED2-B677-9C6B4F19B4C8}.Ad-Hoc|iPhone.ActiveCfg = Ad-Hoc|iPhone
		{05096E4E-388D-4ED2-B677-9C6B4F19B4C8}.Ad-Hoc|iPhone.Build.0 = Ad-Hoc|iPhone
		{05096E4E-388D-4ED2-B677-9C6B4F19B4C8}.Ad-Hoc|iPhoneSimulator.ActiveCfg = Ad-Hoc|iPhoneSimulator
		{05096E4E-388D-4ED2-B677-9C6B4F19B4C8}.Ad-Hoc|iPhoneSimulator.Build.0 = Ad-Hoc|iPhoneSimulator
		{05096E4E-388D-4ED2-B677-9C6B4F19B4C8}.Ad-Hoc|x64.ActiveCfg = Ad-Hoc|iPhone
		{05096E4E-388D-4ED2-B677-9C6B4F19B4C8}.Ad-Hoc|x86.ActiveCfg = Ad-Hoc|iPhone
		{05096E4E-388D-4ED2-B677-9C6B4F19B4C8}.AppStore|Any CPU.ActiveCfg = AppStore|iPhone
		{05096E4E-388D-4ED2-B677-9C6B4F19B4C8}.AppStore|ARM.ActiveCfg = AppStore|iPhone
		{05096E4E-388D-4ED2-B677-9C6B4F19B4C8}.AppStore|iPhone.ActiveCfg = AppStore|iPhone
		{05096E4E-388D-4ED2-B677-9C6B4F19B4C8}.AppStore|iPhone.Build.0 = AppStore|iPhone
		{05096E4E-388D-4ED2-B677-9C6B4F19B4C8}.AppStore|iPhoneSimulator.ActiveCfg = AppStore|iPhoneSimulator
		{05096E4E-388D-4ED2-B677-9C6B4F19B4C8}.AppStore|iPhoneSimulator.Build.0 = AppStore|iPhoneSimulator
		{05096E4E-388D-4ED2-B677-9C6B4F19B4C8}.AppStore|x64.ActiveCfg = AppStore|iPhone
		{05096E4E-388D-4ED2-B677-9C6B4F19B4C8}.AppStore|x86.ActiveCfg = AppStore|iPhone
		{05096E4E-388D-4ED2-B677-9C6B4F19B4C8}.Debug|Any CPU.ActiveCfg = Debug|iPhone
		{05096E4E-388D-4ED2-B677-9C6B4F19B4C8}.Debug|ARM.ActiveCfg = Debug|iPhone
		{05096E4E-388D-4ED2-B677-9C6B4F19B4C8}.Debug|iPhone.ActiveCfg = Debug|iPhone
		{05096E4E-388D-4ED2-B677-9C6B4F19B4C8}.Debug|iPhone.Build.0 = Debug|iPhone
		{05096E4E-388D-4ED2-B677-9C6B4F19B4C8}.Debug|iPhoneSimulator.ActiveCfg = Debug|iPhoneSimulator
		{05096E4E-388D-4ED2-B677-9C6B4F19B4C8}.Debug|iPhoneSimulator.Build.0 = Debug|iPhoneSimulator
		{05096E4E-388D-4ED2-B677-9C6B4F19B4C8}.Debug|x64.ActiveCfg = Debug|iPhone
		{05096E4E-388D-4ED2-B677-9C6B4F19B4C8}.Debug|x86.ActiveCfg = Debug|iPhone
		{05096E4E-388D-4ED2-B677-9C6B4F19B4C8}.Release|Any CPU.ActiveCfg = Release|iPhone
		{05096E4E-388D-4ED2-B677-9C6B4F19B4C8}.Release|ARM.ActiveCfg = Release|iPhone
		{05096E4E-388D-4ED2-B677-9C6B4F19B4C8}.Release|iPhone.ActiveCfg = Release|iPhone
		{05096E4E-388D-4ED2-B677-9C6B4F19B4C8}.Release|iPhone.Build.0 = Release|iPhone
		{05096E4E-388D-4ED2-B677-9C6B4F19B4C8}.Release|iPhoneSimulator.ActiveCfg = Release|iPhoneSimulator
		{05096E4E-388D-4ED2-B677-9C6B4F19B4C8}.Release|iPhoneSimulator.Build.0 = Release|iPhoneSimulator
		{05096E4E-388D-4ED2-B677-9C6B4F19B4C8}.Release|x64.ActiveCfg = Release|iPhone
		{05096E4E-388D-4ED2-B677-9C6B4F19B4C8}.Release|x86.ActiveCfg = Release|iPhone
		{2FB5DF8D-8965-46EC-AA70-63B7C561C1C4}.Ad-Hoc|Any CPU.ActiveCfg = Release|Any CPU
		{2FB5DF8D-8965-46EC-AA70-63B7C561C1C4}.Ad-Hoc|Any CPU.Build.0 = Release|Any CPU
		{2FB5DF8D-8965-46EC-AA70-63B7C561C1C4}.Ad-Hoc|Any CPU.Deploy.0 = Release|Any CPU
		{2FB5DF8D-8965-46EC-AA70-63B7C561C1C4}.Ad-Hoc|ARM.ActiveCfg = Release|ARM
		{2FB5DF8D-8965-46EC-AA70-63B7C561C1C4}.Ad-Hoc|ARM.Build.0 = Release|ARM
		{2FB5DF8D-8965-46EC-AA70-63B7C561C1C4}.Ad-Hoc|ARM.Deploy.0 = Release|ARM
		{2FB5DF8D-8965-46EC-AA70-63B7C561C1C4}.Ad-Hoc|iPhone.ActiveCfg = Release|Any CPU
		{2FB5DF8D-8965-46EC-AA70-63B7C561C1C4}.Ad-Hoc|iPhone.Build.0 = Release|Any CPU
		{2FB5DF8D-8965-46EC-AA70-63B7C561C1C4}.Ad-Hoc|iPhone.Deploy.0 = Release|Any CPU
		{2FB5DF8D-8965-46EC-AA70-63B7C561C1C4}.Ad-Hoc|iPhoneSimulator.ActiveCfg = Release|Any CPU
		{2FB5DF8D-8965-46EC-AA70-63B7C561C1C4}.Ad-Hoc|iPhoneSimulator.Build.0 = Release|Any CPU
		{2FB5DF8D-8965-46EC-AA70-63B7C561C1C4}.Ad-Hoc|iPhoneSimulator.Deploy.0 = Release|Any CPU
		{2FB5DF8D-8965-46EC-AA70-63B7C561C1C4}.Ad-Hoc|x64.ActiveCfg = Release|Any CPU
		{2FB5DF8D-8965-46EC-AA70-63B7C561C1C4}.Ad-Hoc|x64.Build.0 = Release|Any CPU
		{2FB5DF8D-8965-46EC-AA70-63B7C561C1C4}.Ad-Hoc|x64.Deploy.0 = Release|Any CPU
		{2FB5DF8D-8965-46EC-AA70-63B7C561C1C4}.Ad-Hoc|x86.ActiveCfg = Release|x86
		{2FB5DF8D-8965-46EC-AA70-63B7C561C1C4}.Ad-Hoc|x86.Build.0 = Release|x86
		{2FB5DF8D-8965-46EC-AA70-63B7C561C1C4}.Ad-Hoc|x86.Deploy.0 = Release|x86
		{2FB5DF8D-8965-46EC-AA70-63B7C561C1C4}.AppStore|Any CPU.ActiveCfg = Release|Any CPU
		{2FB5DF8D-8965-46EC-AA70-63B7C561C1C4}.AppStore|Any CPU.Build.0 = Release|Any CPU
		{2FB5DF8D-8965-46EC-AA70-63B7C561C1C4}.AppStore|Any CPU.Deploy.0 = Release|Any CPU
		{2FB5DF8D-8965-46EC-AA70-63B7C561C1C4}.AppStore|ARM.ActiveCfg = Release|ARM
		{2FB5DF8D-8965-46EC-AA70-63B7C561C1C4}.AppStore|ARM.Build.0 = Release|ARM
		{2FB5DF8D-8965-46EC-AA70-63B7C561C1C4}.AppStore|ARM.Deploy.0 = Release|ARM
		{2FB5DF8D-8965-46EC-AA70-63B7C561C1C4}.AppStore|iPhone.ActiveCfg = Release|Any CPU
		{2FB5DF8D-8965-46EC-AA70-63B7C561C1C4}.AppStore|iPhone.Build.0 = Release|Any CPU
		{2FB5DF8D-8965-46EC-AA70-63B7C561C1C4}.AppStore|iPhone.Deploy.0 = Release|Any CPU
		{2FB5DF8D-8965-46EC-AA70-63B7C561C1C4}.AppStore|iPhoneSimulator.ActiveCfg = Release|Any CPU
		{2FB5DF8D-8965-46EC-AA70-63B7C561C1C4}.AppStore|iPhoneSimulator.Build.0 = Release|Any CPU
		{2FB5DF8D-8965-46EC-AA70-63B7C561C1C4}.AppStore|iPhoneSimulator.Deploy.0 = Release|Any CPU
		{2FB5DF8D-8965-46EC-AA70-63B7C561C1C4}.AppStore|x64.ActiveCfg = Release|Any CPU
		{2FB5DF8D-8965-46EC-AA70-63B7C561C1C4}.AppStore|x64.Build.0 = Release|Any CPU
		{2FB5DF8D-8965-46EC-AA70-63B7C561C1C4}.AppStore|x64.Deploy.0 = Release|Any CPU
		{2FB5DF8D-8965-46EC-AA70-63B7C561C1C4}.AppStore|x86.ActiveCfg = Release|x86
		{2FB5DF8D-8965-46EC-AA70-63B7C561C1C4}.AppStore|x86.Build.0 = Release|x86
		{2FB5DF8D-8965-46EC-AA70-63B7C561C1C4}.AppStore|x86.Deploy.0 = Release|x86
		{2FB5DF8D-8965-46EC-AA70-63B7C561C1C4}.Debug|Any CPU.ActiveCfg = Debug|Any CPU
		{2FB5DF8D-8965-46EC-AA70-63B7C561C1C4}.Debug|Any CPU.Build.0 = Debug|Any CPU
		{2FB5DF8D-8965-46EC-AA70-63B7C561C1C4}.Debug|Any CPU.Deploy.0 = Debug|Any CPU
		{2FB5DF8D-8965-46EC-AA70-63B7C561C1C4}.Debug|ARM.ActiveCfg = Debug|ARM
		{2FB5DF8D-8965-46EC-AA70-63B7C561C1C4}.Debug|ARM.Build.0 = Debug|ARM
		{2FB5DF8D-8965-46EC-AA70-63B7C561C1C4}.Debug|ARM.Deploy.0 = Debug|ARM
		{2FB5DF8D-8965-46EC-AA70-63B7C561C1C4}.Debug|iPhone.ActiveCfg = Debug|Any CPU
		{2FB5DF8D-8965-46EC-AA70-63B7C561C1C4}.Debug|iPhone.Build.0 = Debug|Any CPU
		{2FB5DF8D-8965-46EC-AA70-63B7C561C1C4}.Debug|iPhone.Deploy.0 = Debug|Any CPU
		{2FB5DF8D-8965-46EC-AA70-63B7C561C1C4}.Debug|iPhoneSimulator.ActiveCfg = Debug|Any CPU
		{2FB5DF8D-8965-46EC-AA70-63B7C561C1C4}.Debug|iPhoneSimulator.Build.0 = Debug|Any CPU
		{2FB5DF8D-8965-46EC-AA70-63B7C561C1C4}.Debug|iPhoneSimulator.Deploy.0 = Debug|Any CPU
		{2FB5DF8D-8965-46EC-AA70-63B7C561C1C4}.Debug|x64.ActiveCfg = Debug|Any CPU
		{2FB5DF8D-8965-46EC-AA70-63B7C561C1C4}.Debug|x64.Build.0 = Debug|Any CPU
		{2FB5DF8D-8965-46EC-AA70-63B7C561C1C4}.Debug|x64.Deploy.0 = Debug|Any CPU
		{2FB5DF8D-8965-46EC-AA70-63B7C561C1C4}.Debug|x86.ActiveCfg = Debug|x86
		{2FB5DF8D-8965-46EC-AA70-63B7C561C1C4}.Debug|x86.Build.0 = Debug|x86
		{2FB5DF8D-8965-46EC-AA70-63B7C561C1C4}.Debug|x86.Deploy.0 = Debug|x86
		{2FB5DF8D-8965-46EC-AA70-63B7C561C1C4}.Release|Any CPU.ActiveCfg = Release|Any CPU
		{2FB5DF8D-8965-46EC-AA70-63B7C561C1C4}.Release|Any CPU.Build.0 = Release|Any CPU
		{2FB5DF8D-8965-46EC-AA70-63B7C561C1C4}.Release|Any CPU.Deploy.0 = Release|Any CPU
		{2FB5DF8D-8965-46EC-AA70-63B7C561C1C4}.Release|ARM.ActiveCfg = Release|ARM
		{2FB5DF8D-8965-46EC-AA70-63B7C561C1C4}.Release|ARM.Build.0 = Release|ARM
		{2FB5DF8D-8965-46EC-AA70-63B7C561C1C4}.Release|ARM.Deploy.0 = Release|ARM
		{2FB5DF8D-8965-46EC-AA70-63B7C561C1C4}.Release|iPhone.ActiveCfg = Release|Any CPU
		{2FB5DF8D-8965-46EC-AA70-63B7C561C1C4}.Release|iPhone.Build.0 = Release|Any CPU
		{2FB5DF8D-8965-46EC-AA70-63B7C561C1C4}.Release|iPhone.Deploy.0 = Release|Any CPU
		{2FB5DF8D-8965-46EC-AA70-63B7C561C1C4}.Release|iPhoneSimulator.ActiveCfg = Release|Any CPU
		{2FB5DF8D-8965-46EC-AA70-63B7C561C1C4}.Release|iPhoneSimulator.Build.0 = Release|Any CPU
		{2FB5DF8D-8965-46EC-AA70-63B7C561C1C4}.Release|iPhoneSimulator.Deploy.0 = Release|Any CPU
		{2FB5DF8D-8965-46EC-AA70-63B7C561C1C4}.Release|x64.ActiveCfg = Release|Any CPU
		{2FB5DF8D-8965-46EC-AA70-63B7C561C1C4}.Release|x64.Build.0 = Release|Any CPU
		{2FB5DF8D-8965-46EC-AA70-63B7C561C1C4}.Release|x64.Deploy.0 = Release|Any CPU
		{2FB5DF8D-8965-46EC-AA70-63B7C561C1C4}.Release|x86.ActiveCfg = Release|x86
		{2FB5DF8D-8965-46EC-AA70-63B7C561C1C4}.Release|x86.Build.0 = Release|x86
		{2FB5DF8D-8965-46EC-AA70-63B7C561C1C4}.Release|x86.Deploy.0 = Release|x86
		{950D1585-411B-433A-847E-6B5F4452D839}.Ad-Hoc|Any CPU.ActiveCfg = Release|Any CPU
		{950D1585-411B-433A-847E-6B5F4452D839}.Ad-Hoc|Any CPU.Build.0 = Release|Any CPU
		{950D1585-411B-433A-847E-6B5F4452D839}.Ad-Hoc|Any CPU.Deploy.0 = Release|Any CPU
		{950D1585-411B-433A-847E-6B5F4452D839}.Ad-Hoc|ARM.ActiveCfg = Release|ARM
		{950D1585-411B-433A-847E-6B5F4452D839}.Ad-Hoc|ARM.Build.0 = Release|ARM
		{950D1585-411B-433A-847E-6B5F4452D839}.Ad-Hoc|ARM.Deploy.0 = Release|ARM
		{950D1585-411B-433A-847E-6B5F4452D839}.Ad-Hoc|iPhone.ActiveCfg = Release|Any CPU
		{950D1585-411B-433A-847E-6B5F4452D839}.Ad-Hoc|iPhone.Build.0 = Release|Any CPU
		{950D1585-411B-433A-847E-6B5F4452D839}.Ad-Hoc|iPhone.Deploy.0 = Release|Any CPU
		{950D1585-411B-433A-847E-6B5F4452D839}.Ad-Hoc|iPhoneSimulator.ActiveCfg = Release|Any CPU
		{950D1585-411B-433A-847E-6B5F4452D839}.Ad-Hoc|iPhoneSimulator.Build.0 = Release|Any CPU
		{950D1585-411B-433A-847E-6B5F4452D839}.Ad-Hoc|iPhoneSimulator.Deploy.0 = Release|Any CPU
		{950D1585-411B-433A-847E-6B5F4452D839}.Ad-Hoc|x64.ActiveCfg = Release|x64
		{950D1585-411B-433A-847E-6B5F4452D839}.Ad-Hoc|x64.Build.0 = Release|x64
		{950D1585-411B-433A-847E-6B5F4452D839}.Ad-Hoc|x64.Deploy.0 = Release|x64
		{950D1585-411B-433A-847E-6B5F4452D839}.Ad-Hoc|x86.ActiveCfg = Release|x86
		{950D1585-411B-433A-847E-6B5F4452D839}.Ad-Hoc|x86.Build.0 = Release|x86
		{950D1585-411B-433A-847E-6B5F4452D839}.Ad-Hoc|x86.Deploy.0 = Release|x86
		{950D1585-411B-433A-847E-6B5F4452D839}.AppStore|Any CPU.ActiveCfg = Release|Any CPU
		{950D1585-411B-433A-847E-6B5F4452D839}.AppStore|Any CPU.Build.0 = Release|Any CPU
		{950D1585-411B-433A-847E-6B5F4452D839}.AppStore|Any CPU.Deploy.0 = Release|Any CPU
		{950D1585-411B-433A-847E-6B5F4452D839}.AppStore|ARM.ActiveCfg = Release|ARM
		{950D1585-411B-433A-847E-6B5F4452D839}.AppStore|ARM.Build.0 = Release|ARM
		{950D1585-411B-433A-847E-6B5F4452D839}.AppStore|ARM.Deploy.0 = Release|ARM
		{950D1585-411B-433A-847E-6B5F4452D839}.AppStore|iPhone.ActiveCfg = Release|Any CPU
		{950D1585-411B-433A-847E-6B5F4452D839}.AppStore|iPhone.Build.0 = Release|Any CPU
		{950D1585-411B-433A-847E-6B5F4452D839}.AppStore|iPhone.Deploy.0 = Release|Any CPU
		{950D1585-411B-433A-847E-6B5F4452D839}.AppStore|iPhoneSimulator.ActiveCfg = Release|Any CPU
		{950D1585-411B-433A-847E-6B5F4452D839}.AppStore|iPhoneSimulator.Build.0 = Release|Any CPU
		{950D1585-411B-433A-847E-6B5F4452D839}.AppStore|iPhoneSimulator.Deploy.0 = Release|Any CPU
		{950D1585-411B-433A-847E-6B5F4452D839}.AppStore|x64.ActiveCfg = Release|x64
		{950D1585-411B-433A-847E-6B5F4452D839}.AppStore|x64.Build.0 = Release|x64
		{950D1585-411B-433A-847E-6B5F4452D839}.AppStore|x64.Deploy.0 = Release|x64
		{950D1585-411B-433A-847E-6B5F4452D839}.AppStore|x86.ActiveCfg = Release|x86
		{950D1585-411B-433A-847E-6B5F4452D839}.AppStore|x86.Build.0 = Release|x86
		{950D1585-411B-433A-847E-6B5F4452D839}.AppStore|x86.Deploy.0 = Release|x86
		{950D1585-411B-433A-847E-6B5F4452D839}.Debug|Any CPU.ActiveCfg = Debug|Any CPU
		{950D1585-411B-433A-847E-6B5F4452D839}.Debug|Any CPU.Build.0 = Debug|Any CPU
		{950D1585-411B-433A-847E-6B5F4452D839}.Debug|Any CPU.Deploy.0 = Debug|Any CPU
		{950D1585-411B-433A-847E-6B5F4452D839}.Debug|ARM.ActiveCfg = Debug|ARM
		{950D1585-411B-433A-847E-6B5F4452D839}.Debug|ARM.Build.0 = Debug|ARM
		{950D1585-411B-433A-847E-6B5F4452D839}.Debug|ARM.Deploy.0 = Debug|ARM
		{950D1585-411B-433A-847E-6B5F4452D839}.Debug|iPhone.ActiveCfg = Debug|Any CPU
		{950D1585-411B-433A-847E-6B5F4452D839}.Debug|iPhone.Build.0 = Debug|Any CPU
		{950D1585-411B-433A-847E-6B5F4452D839}.Debug|iPhone.Deploy.0 = Debug|Any CPU
		{950D1585-411B-433A-847E-6B5F4452D839}.Debug|iPhoneSimulator.ActiveCfg = Debug|Any CPU
		{950D1585-411B-433A-847E-6B5F4452D839}.Debug|iPhoneSimulator.Build.0 = Debug|Any CPU
		{950D1585-411B-433A-847E-6B5F4452D839}.Debug|iPhoneSimulator.Deploy.0 = Debug|Any CPU
		{950D1585-411B-433A-847E-6B5F4452D839}.Debug|x64.ActiveCfg = Debug|x64
		{950D1585-411B-433A-847E-6B5F4452D839}.Debug|x64.Build.0 = Debug|x64
		{950D1585-411B-433A-847E-6B5F4452D839}.Debug|x64.Deploy.0 = Debug|x64
		{950D1585-411B-433A-847E-6B5F4452D839}.Debug|x86.ActiveCfg = Debug|x86
		{950D1585-411B-433A-847E-6B5F4452D839}.Debug|x86.Build.0 = Debug|x86
		{950D1585-411B-433A-847E-6B5F4452D839}.Debug|x86.Deploy.0 = Debug|x86
		{950D1585-411B-433A-847E-6B5F4452D839}.Release|Any CPU.ActiveCfg = Release|Any CPU
		{950D1585-411B-433A-847E-6B5F4452D839}.Release|Any CPU.Build.0 = Release|Any CPU
		{950D1585-411B-433A-847E-6B5F4452D839}.Release|Any CPU.Deploy.0 = Release|Any CPU
		{950D1585-411B-433A-847E-6B5F4452D839}.Release|ARM.ActiveCfg = Release|ARM
		{950D1585-411B-433A-847E-6B5F4452D839}.Release|ARM.Build.0 = Release|ARM
		{950D1585-411B-433A-847E-6B5F4452D839}.Release|ARM.Deploy.0 = Release|ARM
		{950D1585-411B-433A-847E-6B5F4452D839}.Release|iPhone.ActiveCfg = Release|Any CPU
		{950D1585-411B-433A-847E-6B5F4452D839}.Release|iPhone.Build.0 = Release|Any CPU
		{950D1585-411B-433A-847E-6B5F4452D839}.Release|iPhone.Deploy.0 = Release|Any CPU
		{950D1585-411B-433A-847E-6B5F4452D839}.Release|iPhoneSimulator.ActiveCfg = Release|Any CPU
		{950D1585-411B-433A-847E-6B5F4452D839}.Release|iPhoneSimulator.Build.0 = Release|Any CPU
		{950D1585-411B-433A-847E-6B5F4452D839}.Release|iPhoneSimulator.Deploy.0 = Release|Any CPU
		{950D1585-411B-433A-847E-6B5F4452D839}.Release|x64.ActiveCfg = Release|x64
		{950D1585-411B-433A-847E-6B5F4452D839}.Release|x64.Build.0 = Release|x64
		{950D1585-411B-433A-847E-6B5F4452D839}.Release|x64.Deploy.0 = Release|x64
		{950D1585-411B-433A-847E-6B5F4452D839}.Release|x86.ActiveCfg = Release|x86
		{950D1585-411B-433A-847E-6B5F4452D839}.Release|x86.Build.0 = Release|x86
		{950D1585-411B-433A-847E-6B5F4452D839}.Release|x86.Deploy.0 = Release|x86
	EndGlobalSection
	GlobalSection(SolutionProperties) = preSolution
		HideSolutionNode = FALSE
	EndGlobalSection
EndGlobal
